
Microsoft Visual Studio Solution File, Format Version 12.00
# Visual Studio Version 17
VisualStudioVersion = 17.8.34330.188
MinimumVisualStudioVersion = 10.0.40219.1
Project("{9A19103F-16F7-4668-BE54-9A1E7A4F7556}") = "MyAPI", "MyAPI\MyAPI.csproj", "{8130BEE1-D97F-4D20-8776-E2A8319484BE}"
EndProject
Project("{FAE04EC0-301F-11D3-BF4B-00C04F79EFBC}") = "API_20_5_2024", "API_20_5_2024\API_20_5_2024.csproj", "{FCA683DB-2606-469A-A274-014756CA965B}"
EndProject
Global
	GlobalSection(SolutionConfigurationPlatforms) = preSolution
		Debug|Any CPU = Debug|Any CPU
		Release|Any CPU = Release|Any CPU
	EndGlobalSection
	GlobalSection(ProjectConfigurationPlatforms) = postSolution
		{8130BEE1-D97F-4D20-8776-E2A8319484BE}.Debug|Any CPU.ActiveCfg = Debug|Any CPU
		{8130BEE1-D97F-4D20-8776-E2A8319484BE}.Debug|Any CPU.Build.0 = Debug|Any CPU
		{8130BEE1-D97F-4D20-8776-E2A8319484BE}.Release|Any CPU.ActiveCfg = Release|Any CPU
		{8130BEE1-D97F-4D20-8776-E2A8319484BE}.Release|Any CPU.Build.0 = Release|Any CPU
		{FCA683DB-2606-469A-A274-014756CA965B}.Debug|Any CPU.ActiveCfg = Debug|Any CPU
		{FCA683DB-2606-469A-A274-014756CA965B}.Debug|Any CPU.Build.0 = Debug|Any CPU
		{FCA683DB-2606-469A-A274-014756CA965B}.Release|Any CPU.ActiveCfg = Release|Any CPU
		{FCA683DB-2606-469A-A274-014756CA965B}.Release|Any CPU.Build.0 = Release|Any CPU
	EndGlobalSection
	GlobalSection(SolutionProperties) = preSolution
		HideSolutionNode = FALSE
	EndGlobalSection
	GlobalSection(ExtensibilityGlobals) = postSolution
		SolutionGuid = {6B6542A9-0EF6-4FE0-B774-D8038090EDE7}
	EndGlobalSection
EndGlobal
